// !$*UTF8*$!
{
	archiveVersion = 1;
	classes = {
	};
	objectVersion = 46;
	objects = {

/* Begin PBXBuildFile section */
		45540DA91F614F180058B00C /* KangcPackExTests.swift in Sources */ = {isa = PBXBuildFile; fileRef = 45540DA81F614F180058B00C /* KangcPackExTests.swift */; };
		45F647E21F66735A0002C6A1 /* AppDelegate.swift in Sources */ = {isa = PBXBuildFile; fileRef = 45F647CA1F66735A0002C6A1 /* AppDelegate.swift */; };
		45F647E41F66735A0002C6A1 /* Common.swift in Sources */ = {isa = PBXBuildFile; fileRef = 45F647CF1F66735A0002C6A1 /* Common.swift */; };
		45F647E51F66735A0002C6A1 /* ViewController.swift in Sources */ = {isa = PBXBuildFile; fileRef = 45F647D71F66735A0002C6A1 /* ViewController.swift */; };
		45F647E61F66735A0002C6A1 /* Assets.xcassets in Resources */ = {isa = PBXBuildFile; fileRef = 45F647DA1F66735A0002C6A1 /* Assets.xcassets */; };
		45F647E71F66735A0002C6A1 /* LaunchScreen.storyboard in Resources */ = {isa = PBXBuildFile; fileRef = 45F647DD1F66735A0002C6A1 /* LaunchScreen.storyboard */; };
		45F647E81F66735A0002C6A1 /* Main.storyboard in Resources */ = {isa = PBXBuildFile; fileRef = 45F647DF1F66735A0002C6A1 /* Main.storyboard */; };
/* End PBXBuildFile section */

/* Begin PBXContainerItemProxy section */
		45540DA51F614F180058B00C /* PBXContainerItemProxy */ = {
			isa = PBXContainerItemProxy;
			containerPortal = 45540D881F614F180058B00C /* Project object */;
			proxyType = 1;
			remoteGlobalIDString = 45540D8F1F614F180058B00C;
			remoteInfo = KangcPackEx;
		};
		45540E551F6283B20058B00C /* PBXContainerItemProxy */ = {
			isa = PBXContainerItemProxy;
			containerPortal = 45540DFF1F62428F0058B00C /* Pods.xcodeproj */;
			proxyType = 2;
			remoteGlobalIDString = 1535C71546327FC18448B996A3366F9F;
			remoteInfo = "Pods-KangcPack";
		};
		45540E571F6283B20058B00C /* PBXContainerItemProxy */ = {
			isa = PBXContainerItemProxy;
			containerPortal = 45540DFF1F62428F0058B00C /* Pods.xcodeproj */;
			proxyType = 2;
			remoteGlobalIDString = 1523CCDA224E5EB4633314C365E7A984;
			remoteInfo = "Pods-KangcPackTests";
		};
		45FFDA261F66687900F535D1 /* PBXContainerItemProxy */ = {
			isa = PBXContainerItemProxy;
			containerPortal = 45540DF61F6242840058B00C /* KangcPack.xcodeproj */;
			proxyType = 2;
			remoteGlobalIDString = 45540D131F61479C0058B00C;
			remoteInfo = KangcPack;
		};
		45FFDA281F66687900F535D1 /* PBXContainerItemProxy */ = {
			isa = PBXContainerItemProxy;
			containerPortal = 45540DF61F6242840058B00C /* KangcPack.xcodeproj */;
			proxyType = 2;
			remoteGlobalIDString = 45540D1C1F61479C0058B00C;
			remoteInfo = KangcPackTests;
		};
/* End PBXContainerItemProxy section */

/* Begin PBXCopyFilesBuildPhase section */
		45540DD21F614FBC0058B00C /* Embed Frameworks */ = {
			isa = PBXCopyFilesBuildPhase;
			buildActionMask = 2147483647;
			dstPath = "";
			dstSubfolderSpec = 10;
			files = (
			);
			name = "Embed Frameworks";
			runOnlyForDeploymentPostprocessing = 0;
		};
/* End PBXCopyFilesBuildPhase section */

/* Begin PBXFileReference section */
		45540D901F614F180058B00C /* KangcPackEx.app */ = {isa = PBXFileReference; explicitFileType = wrapper.application; includeInIndex = 0; path = KangcPackEx.app; sourceTree = BUILT_PRODUCTS_DIR; };
		45540DA41F614F180058B00C /* KangcPackExTests.xctest */ = {isa = PBXFileReference; explicitFileType = wrapper.cfbundle; includeInIndex = 0; path = KangcPackExTests.xctest; sourceTree = BUILT_PRODUCTS_DIR; };
		45540DA81F614F180058B00C /* KangcPackExTests.swift */ = {isa = PBXFileReference; lastKnownFileType = sourcecode.swift; path = KangcPackExTests.swift; sourceTree = "<group>"; };
		45540DAA1F614F180058B00C /* Info.plist */ = {isa = PBXFileReference; lastKnownFileType = text.plist.xml; path = Info.plist; sourceTree = "<group>"; };
		45540DF61F6242840058B00C /* KangcPack.xcodeproj */ = {isa = PBXFileReference; lastKnownFileType = "wrapper.pb-project"; name = KangcPack.xcodeproj; path = ../KangcPack.xcodeproj; sourceTree = "<group>"; };
		45540DFF1F62428F0058B00C /* Pods.xcodeproj */ = {isa = PBXFileReference; lastKnownFileType = "wrapper.pb-project"; name = Pods.xcodeproj; path = ../Pods/Pods.xcodeproj; sourceTree = "<group>"; };
		45F647CA1F66735A0002C6A1 /* AppDelegate.swift */ = {isa = PBXFileReference; fileEncoding = 4; lastKnownFileType = sourcecode.swift; path = AppDelegate.swift; sourceTree = "<group>"; };
		45F647CC1F66735A0002C6A1 /* Info.plist */ = {isa = PBXFileReference; fileEncoding = 4; lastKnownFileType = text.plist.xml; path = Info.plist; sourceTree = "<group>"; };
		45F647CF1F66735A0002C6A1 /* Common.swift */ = {isa = PBXFileReference; fileEncoding = 4; lastKnownFileType = sourcecode.swift; path = Common.swift; sourceTree = "<group>"; };
		45F647D71F66735A0002C6A1 /* ViewController.swift */ = {isa = PBXFileReference; fileEncoding = 4; lastKnownFileType = sourcecode.swift; path = ViewController.swift; sourceTree = "<group>"; };
		45F647DA1F66735A0002C6A1 /* Assets.xcassets */ = {isa = PBXFileReference; lastKnownFileType = folder.assetcatalog; path = Assets.xcassets; sourceTree = "<group>"; };
		45F647DE1F66735A0002C6A1 /* Base */ = {isa = PBXFileReference; lastKnownFileType = file.storyboard; name = Base; path = Base.lproj/LaunchScreen.storyboard; sourceTree = "<group>"; };
		45F647E01F66735A0002C6A1 /* Base */ = {isa = PBXFileReference; lastKnownFileType = file.storyboard; name = Base; path = Base.lproj/Main.storyboard; sourceTree = "<group>"; };
/* End PBXFileReference section */

/* Begin PBXFrameworksBuildPhase section */
		45540D8D1F614F180058B00C /* Frameworks */ = {
			isa = PBXFrameworksBuildPhase;
			buildActionMask = 2147483647;
			files = (
			);
			runOnlyForDeploymentPostprocessing = 0;
		};
		45540DA11F614F180058B00C /* Frameworks */ = {
			isa = PBXFrameworksBuildPhase;
			buildActionMask = 2147483647;
			files = (
			);
			runOnlyForDeploymentPostprocessing = 0;
		};
/* End PBXFrameworksBuildPhase section */

/* Begin PBXGroup section */
		45540D871F614F180058B00C = {
			isa = PBXGroup;
			children = (
				45F647C81F66735A0002C6A1 /* KangcPackEx */,
				45540DA71F614F180058B00C /* KangcPackExTests */,
				45540D911F614F180058B00C /* Products */,
				45540DF61F6242840058B00C /* KangcPack.xcodeproj */,
				45540DFF1F62428F0058B00C /* Pods.xcodeproj */,
			);
			sourceTree = "<group>";
		};
		45540D911F614F180058B00C /* Products */ = {
			isa = PBXGroup;
			children = (
				45540D901F614F180058B00C /* KangcPackEx.app */,
				45540DA41F614F180058B00C /* KangcPackExTests.xctest */,
			);
			name = Products;
			sourceTree = "<group>";
		};
		45540DA71F614F180058B00C /* KangcPackExTests */ = {
			isa = PBXGroup;
			children = (
				45540DA81F614F180058B00C /* KangcPackExTests.swift */,
				45540DAA1F614F180058B00C /* Info.plist */,
			);
			path = KangcPackExTests;
			sourceTree = "<group>";
		};
		45540E511F6283B20058B00C /* Products */ = {
			isa = PBXGroup;
			children = (
				45540E561F6283B20058B00C /* Pods_KangcPack.framework */,
				45540E581F6283B20058B00C /* Pods_KangcPackTests.framework */,
			);
			name = Products;
			sourceTree = "<group>";
		};
		45F647C81F66735A0002C6A1 /* KangcPackEx */ = {
			isa = PBXGroup;
			children = (
				45F647C91F66735A0002C6A1 /* AppDelegate */,
				45F647CD1F66735A0002C6A1 /* Classes */,
				45F647D81F66735A0002C6A1 /* Resources */,
			);
			path = KangcPackEx;
			sourceTree = "<group>";
		};
		45F647C91F66735A0002C6A1 /* AppDelegate */ = {
			isa = PBXGroup;
			children = (
				45F647CA1F66735A0002C6A1 /* AppDelegate.swift */,
				45F647CB1F66735A0002C6A1 /* Support */,
			);
			path = AppDelegate;
			sourceTree = "<group>";
		};
		45F647CB1F66735A0002C6A1 /* Support */ = {
			isa = PBXGroup;
			children = (
				45F647CC1F66735A0002C6A1 /* Info.plist */,
			);
			path = Support;
			sourceTree = "<group>";
		};
		45F647CD1F66735A0002C6A1 /* Classes */ = {
			isa = PBXGroup;
			children = (
				45F647CE1F66735A0002C6A1 /* Common */,
				45F647D31F66735A0002C6A1 /* Components */,
				45F647D41F66735A0002C6A1 /* DataModels */,
				45F647D51F66735A0002C6A1 /* Modules */,
				45F647D61F66735A0002C6A1 /* Scenes */,
			);
			path = Classes;
			sourceTree = "<group>";
		};
		45F647CE1F66735A0002C6A1 /* Common */ = {
			isa = PBXGroup;
			children = (
				45F647CF1F66735A0002C6A1 /* Common.swift */,
				45F647D01F66735A0002C6A1 /* Extentions */,
				45F647D11F66735A0002C6A1 /* Protocolos */,
				45F647D21F66735A0002C6A1 /* Super */,
			);
			path = Common;
			sourceTree = "<group>";
		};
		45F647D01F66735A0002C6A1 /* Extentions */ = {
			isa = PBXGroup;
			children = (
			);
			path = Extentions;
			sourceTree = "<group>";
		};
		45F647D11F66735A0002C6A1 /* Protocolos */ = {
			isa = PBXGroup;
			children = (
			);
			path = Protocolos;
			sourceTree = "<group>";
		};
		45F647D21F66735A0002C6A1 /* Super */ = {
			isa = PBXGroup;
			children = (
			);
			path = Super;
			sourceTree = "<group>";
		};
		45F647D31F66735A0002C6A1 /* Components */ = {
			isa = PBXGroup;
			children = (
			);
			path = Components;
			sourceTree = "<group>";
		};
		45F647D41F66735A0002C6A1 /* DataModels */ = {
			isa = PBXGroup;
			children = (
			);
			path = DataModels;
			sourceTree = "<group>";
		};
		45F647D51F66735A0002C6A1 /* Modules */ = {
			isa = PBXGroup;
			children = (
			);
			path = Modules;
			sourceTree = "<group>";
		};
		45F647D61F66735A0002C6A1 /* Scenes */ = {
			isa = PBXGroup;
			children = (
				45F647D71F66735A0002C6A1 /* ViewController.swift */,
			);
			path = Scenes;
			sourceTree = "<group>";
		};
		45F647D81F66735A0002C6A1 /* Resources */ = {
			isa = PBXGroup;
			children = (
				45F647D91F66735A0002C6A1 /* Assets */,
				45F647DB1F66735A0002C6A1 /* Fonts */,
				45F647DC1F66735A0002C6A1 /* Sb */,
				45F647E11F66735A0002C6A1 /* Xib */,
			);
			path = Resources;
			sourceTree = "<group>";
		};
		45F647D91F66735A0002C6A1 /* Assets */ = {
			isa = PBXGroup;
			children = (
				45F647DA1F66735A0002C6A1 /* Assets.xcassets */,
			);
			path = Assets;
			sourceTree = "<group>";
		};
		45F647DB1F66735A0002C6A1 /* Fonts */ = {
			isa = PBXGroup;
			children = (
			);
			path = Fonts;
			sourceTree = "<group>";
		};
		45F647DC1F66735A0002C6A1 /* Sb */ = {
			isa = PBXGroup;
			children = (
				45F647DD1F66735A0002C6A1 /* LaunchScreen.storyboard */,
				45F647DF1F66735A0002C6A1 /* Main.storyboard */,
			);
			path = Sb;
			sourceTree = "<group>";
		};
		45F647E11F66735A0002C6A1 /* Xib */ = {
			isa = PBXGroup;
			children = (
			);
			path = Xib;
			sourceTree = "<group>";
		};
		45FFDA221F66687800F535D1 /* Products */ = {
			isa = PBXGroup;
			children = (
				45FFDA271F66687900F535D1 /* KangcPack.framework */,
				45FFDA291F66687900F535D1 /* KangcPackTests.xctest */,
			);
			name = Products;
			sourceTree = "<group>";
		};
/* End PBXGroup section */

/* Begin PBXNativeTarget section */
		45540D8F1F614F180058B00C /* KangcPackEx */ = {
			isa = PBXNativeTarget;
			buildConfigurationList = 45540DAD1F614F180058B00C /* Build configuration list for PBXNativeTarget "KangcPackEx" */;
			buildPhases = (
				45540D8C1F614F180058B00C /* Sources */,
				45540D8D1F614F180058B00C /* Frameworks */,
				45540D8E1F614F180058B00C /* Resources */,
				45540DD21F614FBC0058B00C /* Embed Frameworks */,
			);
			buildRules = (
			);
			dependencies = (
			);
			name = KangcPackEx;
			productName = KangcPackEx;
			productReference = 45540D901F614F180058B00C /* KangcPackEx.app */;
			productType = "com.apple.product-type.application";
		};
		45540DA31F614F180058B00C /* KangcPackExTests */ = {
			isa = PBXNativeTarget;
			buildConfigurationList = 45540DB01F614F180058B00C /* Build configuration list for PBXNativeTarget "KangcPackExTests" */;
			buildPhases = (
				45540DA01F614F180058B00C /* Sources */,
				45540DA11F614F180058B00C /* Frameworks */,
				45540DA21F614F180058B00C /* Resources */,
			);
			buildRules = (
			);
			dependencies = (
				45540DA61F614F180058B00C /* PBXTargetDependency */,
			);
			name = KangcPackExTests;
			productName = KangcPackExTests;
			productReference = 45540DA41F614F180058B00C /* KangcPackExTests.xctest */;
			productType = "com.apple.product-type.bundle.unit-test";
		};
/* End PBXNativeTarget section */

/* Begin PBXProject section */
		45540D881F614F180058B00C /* Project object */ = {
			isa = PBXProject;
			attributes = {
				LastSwiftUpdateCheck = 0830;
				LastUpgradeCheck = 0830;
				ORGANIZATIONNAME = KangC;
				TargetAttributes = {
					45540D8F1F614F180058B00C = {
						CreatedOnToolsVersion = 8.3.3;
						DevelopmentTeam = NE476725Q4;
						ProvisioningStyle = Automatic;
					};
					45540DA31F614F180058B00C = {
						CreatedOnToolsVersion = 8.3.3;
						DevelopmentTeam = NE476725Q4;
						ProvisioningStyle = Automatic;
						TestTargetID = 45540D8F1F614F180058B00C;
					};
				};
			};
			buildConfigurationList = 45540D8B1F614F180058B00C /* Build configuration list for PBXProject "KangcPackEx" */;
			compatibilityVersion = "Xcode 3.2";
			developmentRegion = English;
			hasScannedForEncodings = 0;
			knownRegions = (
				en,
				Base,
			);
			mainGroup = 45540D871F614F180058B00C;
			productRefGroup = 45540D911F614F180058B00C /* Products */;
			projectDirPath = "";
			projectReferences = (
				{
					ProductGroup = 45FFDA221F66687800F535D1 /* Products */;
					ProjectRef = 45540DF61F6242840058B00C /* KangcPack.xcodeproj */;
				},
				{
					ProductGroup = 45540E511F6283B20058B00C /* Products */;
					ProjectRef = 45540DFF1F62428F0058B00C /* Pods.xcodeproj */;
				},
			);
			projectRoot = "";
			targets = (
				45540D8F1F614F180058B00C /* KangcPackEx */,
				45540DA31F614F180058B00C /* KangcPackExTests */,
			);
		};
/* End PBXProject section */

/* Begin PBXReferenceProxy section */
		45540E561F6283B20058B00C /* Pods_KangcPack.framework */ = {
			isa = PBXReferenceProxy;
			fileType = wrapper.framework;
			path = Pods_KangcPack.framework;
			remoteRef = 45540E551F6283B20058B00C /* PBXContainerItemProxy */;
			sourceTree = BUILT_PRODUCTS_DIR;
		};
		45540E581F6283B20058B00C /* Pods_KangcPackTests.framework */ = {
			isa = PBXReferenceProxy;
			fileType = wrapper.framework;
			path = Pods_KangcPackTests.framework;
			remoteRef = 45540E571F6283B20058B00C /* PBXContainerItemProxy */;
			sourceTree = BUILT_PRODUCTS_DIR;
		};
		45FFDA271F66687900F535D1 /* KangcPack.framework */ = {
			isa = PBXReferenceProxy;
			fileType = wrapper.framework;
			path = KangcPack.framework;
			remoteRef = 45FFDA261F66687900F535D1 /* PBXContainerItemProxy */;
			sourceTree = BUILT_PRODUCTS_DIR;
		};
		45FFDA291F66687900F535D1 /* KangcPackTests.xctest */ = {
			isa = PBXReferenceProxy;
			fileType = wrapper.cfbundle;
			path = KangcPackTests.xctest;
			remoteRef = 45FFDA281F66687900F535D1 /* PBXContainerItemProxy */;
			sourceTree = BUILT_PRODUCTS_DIR;
		};
/* End PBXReferenceProxy section */

/* Begin PBXResourcesBuildPhase section */
		45540D8E1F614F180058B00C /* Resources */ = {
			isa = PBXResourcesBuildPhase;
			buildActionMask = 2147483647;
			files = (
				45F647E71F66735A0002C6A1 /* LaunchScreen.storyboard in Resources */,
				45F647E61F66735A0002C6A1 /* Assets.xcassets in Resources */,
				45F647E81F66735A0002C6A1 /* Main.storyboard in Resources */,
			);
			runOnlyForDeploymentPostprocessing = 0;
		};
		45540DA21F614F180058B00C /* Resources */ = {
			isa = PBXResourcesBuildPhase;
			buildActionMask = 2147483647;
			files = (
			);
			runOnlyForDeploymentPostprocessing = 0;
		};
/* End PBXResourcesBuildPhase section */

/* Begin PBXSourcesBuildPhase section */
		45540D8C1F614F180058B00C /* Sources */ = {
			isa = PBXSourcesBuildPhase;
			buildActionMask = 2147483647;
			files = (
				45F647E51F66735A0002C6A1 /* ViewController.swift in Sources */,
				45F647E41F66735A0002C6A1 /* Common.swift in Sources */,
				45F647E21F66735A0002C6A1 /* AppDelegate.swift in Sources */,
			);
			runOnlyForDeploymentPostprocessing = 0;
		};
		45540DA01F614F180058B00C /* Sources */ = {
			isa = PBXSourcesBuildPhase;
			buildActionMask = 2147483647;
			files = (
				45540DA91F614F180058B00C /* KangcPackExTests.swift in Sources */,
			);
			runOnlyForDeploymentPostprocessing = 0;
		};
/* End PBXSourcesBuildPhase section */

/* Begin PBXTargetDependency section */
		45540DA61F614F180058B00C /* PBXTargetDependency */ = {
			isa = PBXTargetDependency;
			target = 45540D8F1F614F180058B00C /* KangcPackEx */;
			targetProxy = 45540DA51F614F180058B00C /* PBXContainerItemProxy */;
		};
/* End PBXTargetDependency section */

/* Begin PBXVariantGroup section */
		45F647DD1F66735A0002C6A1 /* LaunchScreen.storyboard */ = {
			isa = PBXVariantGroup;
			children = (
				45F647DE1F66735A0002C6A1 /* Base */,
			);
			name = LaunchScreen.storyboard;
			sourceTree = "<group>";
		};
		45F647DF1F66735A0002C6A1 /* Main.storyboard */ = {
			isa = PBXVariantGroup;
			children = (
				45F647E01F66735A0002C6A1 /* Base */,
			);
			name = Main.storyboard;
			sourceTree = "<group>";
		};
/* End PBXVariantGroup section */

/* Begin XCBuildConfiguration section */
		45540DAB1F614F180058B00C /* Debug */ = {
			isa = XCBuildConfiguration;
			buildSettings = {
				ALWAYS_SEARCH_USER_PATHS = NO;
				CLANG_ANALYZER_NONNULL = YES;
				CLANG_ANALYZER_NUMBER_OBJECT_CONVERSION = YES_AGGRESSIVE;
				CLANG_CXX_LANGUAGE_STANDARD = "gnu++0x";
				CLANG_CXX_LIBRARY = "libc++";
				CLANG_ENABLE_MODULES = YES;
				CLANG_ENABLE_OBJC_ARC = YES;
				CLANG_WARN_BOOL_CONVERSION = YES;
				CLANG_WARN_CONSTANT_CONVERSION = YES;
				CLANG_WARN_DIRECT_OBJC_ISA_USAGE = YES_ERROR;
				CLANG_WARN_DOCUMENTATION_COMMENTS = YES;
				CLANG_WARN_EMPTY_BODY = YES;
				CLANG_WARN_ENUM_CONVERSION = YES;
				CLANG_WARN_INFINITE_RECURSION = YES;
				CLANG_WARN_INT_CONVERSION = YES;
				CLANG_WARN_OBJC_ROOT_CLASS = YES_ERROR;
				CLANG_WARN_SUSPICIOUS_MOVE = YES;
				CLANG_WARN_UNREACHABLE_CODE = YES;
				CLANG_WARN__DUPLICATE_METHOD_MATCH = YES;
				"CODE_SIGN_IDENTITY[sdk=iphoneos*]" = "iPhone Developer";
				COPY_PHASE_STRIP = NO;
				DEBUG_INFORMATION_FORMAT = dwarf;
				ENABLE_STRICT_OBJC_MSGSEND = YES;
				ENABLE_TESTABILITY = YES;
				GCC_C_LANGUAGE_STANDARD = gnu99;
				GCC_DYNAMIC_NO_PIC = NO;
				GCC_NO_COMMON_BLOCKS = YES;
				GCC_OPTIMIZATION_LEVEL = 0;
				GCC_PREPROCESSOR_DEFINITIONS = (
					"DEBUG=1",
					"$(inherited)",
				);
				GCC_WARN_64_TO_32_BIT_CONVERSION = YES;
				GCC_WARN_ABOUT_RETURN_TYPE = YES_ERROR;
				GCC_WARN_UNDECLARED_SELECTOR = YES;
				GCC_WARN_UNINITIALIZED_AUTOS = YES_AGGRESSIVE;
				GCC_WARN_UNUSED_FUNCTION = YES;
				GCC_WARN_UNUSED_VARIABLE = YES;
				IPHONEOS_DEPLOYMENT_TARGET = 10.3;
				MTL_ENABLE_DEBUG_INFO = YES;
				ONLY_ACTIVE_ARCH = YES;
				SDKROOT = iphoneos;
				SWIFT_ACTIVE_COMPILATION_CONDITIONS = DEBUG;
				SWIFT_OPTIMIZATION_LEVEL = "-Onone";
				TARGETED_DEVICE_FAMILY = "1,2";
			};
			name = Debug;
		};
		45540DAC1F614F180058B00C /* Release */ = {
			isa = XCBuildConfiguration;
			buildSettings = {
				ALWAYS_SEARCH_USER_PATHS = NO;
				CLANG_ANALYZER_NONNULL = YES;
				CLANG_ANALYZER_NUMBER_OBJECT_CONVERSION = YES_AGGRESSIVE;
				CLANG_CXX_LANGUAGE_STANDARD = "gnu++0x";
				CLANG_CXX_LIBRARY = "libc++";
				CLANG_ENABLE_MODULES = YES;
				CLANG_ENABLE_OBJC_ARC = YES;
				CLANG_WARN_BOOL_CONVERSION = YES;
				CLANG_WARN_CONSTANT_CONVERSION = YES;
				CLANG_WARN_DIRECT_OBJC_ISA_USAGE = YES_ERROR;
				CLANG_WARN_DOCUMENTATION_COMMENTS = YES;
				CLANG_WARN_EMPTY_BODY = YES;
				CLANG_WARN_ENUM_CONVERSION = YES;
				CLANG_WARN_INFINITE_RECURSION = YES;
				CLANG_WARN_INT_CONVERSION = YES;
				CLANG_WARN_OBJC_ROOT_CLASS = YES_ERROR;
				CLANG_WARN_SUSPICIOUS_MOVE = YES;
				CLANG_WARN_UNREACHABLE_CODE = YES;
				CLANG_WARN__DUPLICATE_METHOD_MATCH = YES;
				"CODE_SIGN_IDENTITY[sdk=iphoneos*]" = "iPhone Developer";
				COPY_PHASE_STRIP = NO;
				DEBUG_INFORMATION_FORMAT = "dwarf-with-dsym";
				ENABLE_NS_ASSERTIONS = NO;
				ENABLE_STRICT_OBJC_MSGSEND = YES;
				GCC_C_LANGUAGE_STANDARD = gnu99;
				GCC_NO_COMMON_BLOCKS = YES;
				GCC_WARN_64_TO_32_BIT_CONVERSION = YES;
				GCC_WARN_ABOUT_RETURN_TYPE = YES_ERROR;
				GCC_WARN_UNDECLARED_SELECTOR = YES;
				GCC_WARN_UNINITIALIZED_AUTOS = YES_AGGRESSIVE;
				GCC_WARN_UNUSED_FUNCTION = YES;
				GCC_WARN_UNUSED_VARIABLE = YES;
				IPHONEOS_DEPLOYMENT_TARGET = 10.3;
				MTL_ENABLE_DEBUG_INFO = NO;
				SDKROOT = iphoneos;
				SWIFT_OPTIMIZATION_LEVEL = "-Owholemodule";
				TARGETED_DEVICE_FAMILY = "1,2";
				VALIDATE_PRODUCT = YES;
			};
			name = Release;
		};
		45540DAE1F614F180058B00C /* Debug */ = {
			isa = XCBuildConfiguration;
			buildSettings = {
				ALWAYS_EMBED_SWIFT_STANDARD_LIBRARIES = YES;
				ASSETCATALOG_COMPILER_APPICON_NAME = AppIcon;
				DEVELOPMENT_TEAM = NE476725Q4;
				INFOPLIST_FILE = "$(SRCROOT)/KangcPackEx/AppDelegate/Support/Info.plist";
				LD_RUNPATH_SEARCH_PATHS = "$(inherited) @executable_path/Frameworks";
				PRODUCT_BUNDLE_IDENTIFIER = com.kangc.swift.KangcPackEx;
				PRODUCT_NAME = "$(TARGET_NAME)";
				SWIFT_VERSION = 3.0;
			};
			name = Debug;
		};
		45540DAF1F614F180058B00C /* Release */ = {
			isa = XCBuildConfiguration;
			buildSettings = {
				ALWAYS_EMBED_SWIFT_STANDARD_LIBRARIES = YES;
				ASSETCATALOG_COMPILER_APPICON_NAME = AppIcon;
				DEVELOPMENT_TEAM = NE476725Q4;
				INFOPLIST_FILE = "$(SRCROOT)/KangcPackEx/AppDelegate/Support/Info.plist";
				LD_RUNPATH_SEARCH_PATHS = "$(inherited) @executable_path/Frameworks";
				PRODUCT_BUNDLE_IDENTIFIER = com.kangc.swift.KangcPackEx;
				PRODUCT_NAME = "$(TARGET_NAME)";
				SWIFT_VERSION = 3.0;
			};
			name = Release;
		};
		45540DB11F614F180058B00C /* Debug */ = {
			isa = XCBuildConfiguration;
			buildSettings = {
				ALWAYS_EMBED_SWIFT_STANDARD_LIBRARIES = YES;
				BUNDLE_LOADER = "$(TEST_HOST)";
				DEVELOPMENT_TEAM = NE476725Q4;
				INFOPLIST_FILE = KangcPackExTests/Info.plist;
				LD_RUNPATH_SEARCH_PATHS = "$(inherited) @executable_path/Frameworks @loader_path/Frameworks";
				PRODUCT_BUNDLE_IDENTIFIER = com.kangc.swift.KangcPackExTests;
				PRODUCT_NAME = "$(TARGET_NAME)";
				SWIFT_VERSION = 3.0;
				TEST_HOST = "$(BUILT_PRODUCTS_DIR)/KangcPackEx.app/KangcPackEx";
			};
			name = Debug;
		};
		45540DB21F614F180058B00C /* Release */ = {
			isa = XCBuildConfiguration;
			buildSettings = {
				ALWAYS_EMBED_SWIFT_STANDARD_LIBRARIES = YES;
				BUNDLE_LOADER = "$(TEST_HOST)";
				DEVELOPMENT_TEAM = NE476725Q4;
				INFOPLIST_FILE = KangcPackExTests/Info.plist;
				LD_RUNPATH_SEARCH_PATHS = "$(inherited) @executable_path/Frameworks @loader_path/Frameworks";
				PRODUCT_BUNDLE_IDENTIFIER = com.kangc.swift.KangcPackExTests;
				PRODUCT_NAME = "$(TARGET_NAME)";
				SWIFT_VERSION = 3.0;
				TEST_HOST = "$(BUILT_PRODUCTS_DIR)/KangcPackEx.app/KangcPackEx";
			};
			name = Release;
		};
/* End XCBuildConfiguration section */

/* Begin XCConfigurationList section */
		45540D8B1F614F180058B00C /* Build configuration list for PBXProject "KangcPackEx" */ = {
			isa = XCConfigurationList;
			buildConfigurations = (
				45540DAB1F614F180058B00C /* Debug */,
				45540DAC1F614F180058B00C /* Release */,
			);
			defaultConfigurationIsVisible = 0;
			defaultConfigurationName = Release;
		};
		45540DAD1F614F180058B00C /* Build configuration list for PBXNativeTarget "KangcPackEx" */ = {
			isa = XCConfigurationList;
			buildConfigurations = (
				45540DAE1F614F180058B00C /* Debug */,
				45540DAF1F614F180058B00C /* Release */,
			);
			defaultConfigurationIsVisible = 0;
			defaultConfigurationName = Release;
		};
		45540DB01F614F180058B00C /* Build configuration list for PBXNativeTarget "KangcPackExTests" */ = {
			isa = XCConfigurationList;
			buildConfigurations = (
				45540DB11F614F180058B00C /* Debug */,
				45540DB21F614F180058B00C /* Release */,
			);
			defaultConfigurationIsVisible = 0;
			defaultConfigurationName = Release;
		};
/* End XCConfigurationList section */
	};
	rootObject = 45540D881F614F180058B00C /* Project object */;
}
