// !$*UTF8*$!
{
	archiveVersion = 1;
	classes = {
	};
	objectVersion = 46;
	objects = {

/* Begin PBXBuildFile section */
		45540D941F614F180058B00C /* AppDelegate.swift in Sources */ = {isa = PBXBuildFile; fileRef = 45540D931F614F180058B00C /* AppDelegate.swift */; };
		45540D961F614F180058B00C /* ViewController.swift in Sources */ = {isa = PBXBuildFile; fileRef = 45540D951F614F180058B00C /* ViewController.swift */; };
		45540D991F614F180058B00C /* Main.storyboard in Resources */ = {isa = PBXBuildFile; fileRef = 45540D971F614F180058B00C /* Main.storyboard */; };
		45540D9B1F614F180058B00C /* Assets.xcassets in Resources */ = {isa = PBXBuildFile; fileRef = 45540D9A1F614F180058B00C /* Assets.xcassets */; };
		45540D9E1F614F180058B00C /* LaunchScreen.storyboard in Resources */ = {isa = PBXBuildFile; fileRef = 45540D9C1F614F180058B00C /* LaunchScreen.storyboard */; };
		45540DA91F614F180058B00C /* KangcPackExTests.swift in Sources */ = {isa = PBXBuildFile; fileRef = 45540DA81F614F180058B00C /* KangcPackExTests.swift */; };
		45540E451F6256A70058B00C /* KangcPack.framework in Frameworks */ = {isa = PBXBuildFile; fileRef = 45540DFC1F6242840058B00C /* KangcPack.framework */; };
		45540E461F6256A70058B00C /* KangcPack.framework in Embed Frameworks */ = {isa = PBXBuildFile; fileRef = 45540DFC1F6242840058B00C /* KangcPack.framework */; settings = {ATTRIBUTES = (CodeSignOnCopy, RemoveHeadersOnCopy, ); }; };
/* End PBXBuildFile section */

/* Begin PBXContainerItemProxy section */
		45540DA51F614F180058B00C /* PBXContainerItemProxy */ = {
			isa = PBXContainerItemProxy;
			containerPortal = 45540D881F614F180058B00C /* Project object */;
			proxyType = 1;
			remoteGlobalIDString = 45540D8F1F614F180058B00C;
			remoteInfo = KangcPackEx;
		};
		45540DFB1F6242840058B00C /* PBXContainerItemProxy */ = {
			isa = PBXContainerItemProxy;
			containerPortal = 45540DF61F6242840058B00C /* KangcPack.xcodeproj */;
			proxyType = 2;
			remoteGlobalIDString = 45540D131F61479C0058B00C;
			remoteInfo = KangcPack;
		};
		45540DFD1F6242840058B00C /* PBXContainerItemProxy */ = {
			isa = PBXContainerItemProxy;
			containerPortal = 45540DF61F6242840058B00C /* KangcPack.xcodeproj */;
			proxyType = 2;
			remoteGlobalIDString = 45540D1C1F61479C0058B00C;
			remoteInfo = KangcPackTests;
		};
		45540E1B1F6243470058B00C /* PBXContainerItemProxy */ = {
			isa = PBXContainerItemProxy;
			containerPortal = 45540DFF1F62428F0058B00C /* Pods.xcodeproj */;
			proxyType = 2;
			remoteGlobalIDString = 5C0E99C738283E958FC7BACA48193020;
			remoteInfo = Alamofire;
		};
		45540E1D1F6243470058B00C /* PBXContainerItemProxy */ = {
			isa = PBXContainerItemProxy;
			containerPortal = 45540DFF1F62428F0058B00C /* Pods.xcodeproj */;
			proxyType = 2;
			remoteGlobalIDString = B95E2493C83E18244188A028968AB6BC;
			remoteInfo = AlamofireObjectMapper;
		};
		45540E1F1F6243470058B00C /* PBXContainerItemProxy */ = {
			isa = PBXContainerItemProxy;
			containerPortal = 45540DFF1F62428F0058B00C /* Pods.xcodeproj */;
			proxyType = 2;
			remoteGlobalIDString = F59B9721818945B3F2A287F014D47E5C;
			remoteInfo = CryptoSwift;
		};
		45540E211F6243470058B00C /* PBXContainerItemProxy */ = {
			isa = PBXContainerItemProxy;
			containerPortal = 45540DFF1F62428F0058B00C /* Pods.xcodeproj */;
			proxyType = 2;
			remoteGlobalIDString = E3EE2B3CCAB11E1618320FA94C6B80DF;
			remoteInfo = KVOController;
		};
		45540E231F6243470058B00C /* PBXContainerItemProxy */ = {
			isa = PBXContainerItemProxy;
			containerPortal = 45540DFF1F62428F0058B00C /* Pods.xcodeproj */;
			proxyType = 2;
			remoteGlobalIDString = E6118056E5B62C30A6BB28EE4FD03A0A;
			remoteInfo = ObjectMapper;
		};
		45540E251F6243470058B00C /* PBXContainerItemProxy */ = {
			isa = PBXContainerItemProxy;
			containerPortal = 45540DFF1F62428F0058B00C /* Pods.xcodeproj */;
			proxyType = 2;
			remoteGlobalIDString = BB8279F88F2FABA6651D9CA6C013CE3A;
			remoteInfo = "Pods-KangcPack";
		};
		45540E271F6243470058B00C /* PBXContainerItemProxy */ = {
			isa = PBXContainerItemProxy;
			containerPortal = 45540DFF1F62428F0058B00C /* Pods.xcodeproj */;
			proxyType = 2;
			remoteGlobalIDString = FFCF573B83A3668937B320C2F7D2494E;
			remoteInfo = "Pods-KangcPackTests";
		};
		45540E291F6243470058B00C /* PBXContainerItemProxy */ = {
			isa = PBXContainerItemProxy;
			containerPortal = 45540DFF1F62428F0058B00C /* Pods.xcodeproj */;
			proxyType = 2;
			remoteGlobalIDString = F2794D37104C376EECC84111F63B4EE1;
			remoteInfo = SDWebImage;
		};
		45540E2B1F6243470058B00C /* PBXContainerItemProxy */ = {
			isa = PBXContainerItemProxy;
			containerPortal = 45540DFF1F62428F0058B00C /* Pods.xcodeproj */;
			proxyType = 2;
			remoteGlobalIDString = 457A2A9406DAC52861612B38FDE486FE;
			remoteInfo = Sniffer;
		};
		45540E2D1F6243470058B00C /* PBXContainerItemProxy */ = {
			isa = PBXContainerItemProxy;
			containerPortal = 45540DFF1F62428F0058B00C /* Pods.xcodeproj */;
			proxyType = 2;
			remoteGlobalIDString = 6A33B501D0FA703992AC1DED1589DD62;
			remoteInfo = Toaster;
		};
		45540E361F6256970058B00C /* PBXContainerItemProxy */ = {
			isa = PBXContainerItemProxy;
			containerPortal = 45540DF61F6242840058B00C /* KangcPack.xcodeproj */;
			proxyType = 1;
			remoteGlobalIDString = 45540D121F61479C0058B00C;
			remoteInfo = KangcPack;
		};
		45540E471F6256A70058B00C /* PBXContainerItemProxy */ = {
			isa = PBXContainerItemProxy;
			containerPortal = 45540DF61F6242840058B00C /* KangcPack.xcodeproj */;
			proxyType = 1;
			remoteGlobalIDString = 45540D121F61479C0058B00C;
			remoteInfo = KangcPack;
		};
/* End PBXContainerItemProxy section */

/* Begin PBXCopyFilesBuildPhase section */
		45540DD21F614FBC0058B00C /* Embed Frameworks */ = {
			isa = PBXCopyFilesBuildPhase;
			buildActionMask = 2147483647;
			dstPath = "";
			dstSubfolderSpec = 10;
			files = (
				45540E461F6256A70058B00C /* KangcPack.framework in Embed Frameworks */,
			);
			name = "Embed Frameworks";
			runOnlyForDeploymentPostprocessing = 0;
		};
/* End PBXCopyFilesBuildPhase section */

/* Begin PBXFileReference section */
		45540D901F614F180058B00C /* KangcPackEx.app */ = {isa = PBXFileReference; explicitFileType = wrapper.application; includeInIndex = 0; path = KangcPackEx.app; sourceTree = BUILT_PRODUCTS_DIR; };
		45540D931F614F180058B00C /* AppDelegate.swift */ = {isa = PBXFileReference; lastKnownFileType = sourcecode.swift; path = AppDelegate.swift; sourceTree = "<group>"; };
		45540D951F614F180058B00C /* ViewController.swift */ = {isa = PBXFileReference; lastKnownFileType = sourcecode.swift; path = ViewController.swift; sourceTree = "<group>"; };
		45540D981F614F180058B00C /* Base */ = {isa = PBXFileReference; lastKnownFileType = file.storyboard; name = Base; path = Base.lproj/Main.storyboard; sourceTree = "<group>"; };
		45540D9A1F614F180058B00C /* Assets.xcassets */ = {isa = PBXFileReference; lastKnownFileType = folder.assetcatalog; path = Assets.xcassets; sourceTree = "<group>"; };
		45540D9D1F614F180058B00C /* Base */ = {isa = PBXFileReference; lastKnownFileType = file.storyboard; name = Base; path = Base.lproj/LaunchScreen.storyboard; sourceTree = "<group>"; };
		45540D9F1F614F180058B00C /* Info.plist */ = {isa = PBXFileReference; lastKnownFileType = text.plist.xml; path = Info.plist; sourceTree = "<group>"; };
		45540DA41F614F180058B00C /* KangcPackExTests.xctest */ = {isa = PBXFileReference; explicitFileType = wrapper.cfbundle; includeInIndex = 0; path = KangcPackExTests.xctest; sourceTree = BUILT_PRODUCTS_DIR; };
		45540DA81F614F180058B00C /* KangcPackExTests.swift */ = {isa = PBXFileReference; lastKnownFileType = sourcecode.swift; path = KangcPackExTests.swift; sourceTree = "<group>"; };
		45540DAA1F614F180058B00C /* Info.plist */ = {isa = PBXFileReference; lastKnownFileType = text.plist.xml; path = Info.plist; sourceTree = "<group>"; };
		45540DF61F6242840058B00C /* KangcPack.xcodeproj */ = {isa = PBXFileReference; lastKnownFileType = "wrapper.pb-project"; name = KangcPack.xcodeproj; path = ../../KangcPack.xcodeproj; sourceTree = "<group>"; };
		45540DFF1F62428F0058B00C /* Pods.xcodeproj */ = {isa = PBXFileReference; lastKnownFileType = "wrapper.pb-project"; name = Pods.xcodeproj; path = ../../Pods/Pods.xcodeproj; sourceTree = "<group>"; };
/* End PBXFileReference section */

/* Begin PBXFrameworksBuildPhase section */
		45540D8D1F614F180058B00C /* Frameworks */ = {
			isa = PBXFrameworksBuildPhase;
			buildActionMask = 2147483647;
			files = (
				45540E451F6256A70058B00C /* KangcPack.framework in Frameworks */,
			);
			runOnlyForDeploymentPostprocessing = 0;
		};
		45540DA11F614F180058B00C /* Frameworks */ = {
			isa = PBXFrameworksBuildPhase;
			buildActionMask = 2147483647;
			files = (
			);
			runOnlyForDeploymentPostprocessing = 0;
		};
/* End PBXFrameworksBuildPhase section */

/* Begin PBXGroup section */
		45540D871F614F180058B00C = {
			isa = PBXGroup;
			children = (
				45540D921F614F180058B00C /* KangcPackEx */,
				45540DA71F614F180058B00C /* KangcPackExTests */,
				45540D911F614F180058B00C /* Products */,
			);
			sourceTree = "<group>";
		};
		45540D911F614F180058B00C /* Products */ = {
			isa = PBXGroup;
			children = (
				45540D901F614F180058B00C /* KangcPackEx.app */,
				45540DA41F614F180058B00C /* KangcPackExTests.xctest */,
			);
			name = Products;
			sourceTree = "<group>";
		};
		45540D921F614F180058B00C /* KangcPackEx */ = {
			isa = PBXGroup;
			children = (
				45540D931F614F180058B00C /* AppDelegate.swift */,
				45540D951F614F180058B00C /* ViewController.swift */,
				45540D971F614F180058B00C /* Main.storyboard */,
				45540D9A1F614F180058B00C /* Assets.xcassets */,
				45540D9C1F614F180058B00C /* LaunchScreen.storyboard */,
				45540D9F1F614F180058B00C /* Info.plist */,
				45540DF61F6242840058B00C /* KangcPack.xcodeproj */,
				45540DFF1F62428F0058B00C /* Pods.xcodeproj */,
			);
			path = KangcPackEx;
			sourceTree = "<group>";
		};
		45540DA71F614F180058B00C /* KangcPackExTests */ = {
			isa = PBXGroup;
			children = (
				45540DA81F614F180058B00C /* KangcPackExTests.swift */,
				45540DAA1F614F180058B00C /* Info.plist */,
			);
			path = KangcPackExTests;
			sourceTree = "<group>";
		};
		45540DF71F6242840058B00C /* Products */ = {
			isa = PBXGroup;
			children = (
				45540DFC1F6242840058B00C /* KangcPack.framework */,
				45540DFE1F6242840058B00C /* KangcPackTests.xctest */,
			);
			name = Products;
			sourceTree = "<group>";
		};
		45540E0F1F6243470058B00C /* Products */ = {
			isa = PBXGroup;
			children = (
				45540E1C1F6243470058B00C /* Alamofire.framework */,
				45540E1E1F6243470058B00C /* AlamofireObjectMapper.framework */,
				45540E201F6243470058B00C /* CryptoSwift.framework */,
				45540E221F6243470058B00C /* KVOController.framework */,
				45540E241F6243470058B00C /* ObjectMapper.framework */,
				45540E261F6243470058B00C /* Pods_KangcPack.framework */,
				45540E281F6243470058B00C /* Pods_KangcPackTests.framework */,
				45540E2A1F6243470058B00C /* SDWebImage.framework */,
				45540E2C1F6243470058B00C /* Sniffer.framework */,
				45540E2E1F6243470058B00C /* Toaster.framework */,
			);
			name = Products;
			sourceTree = "<group>";
		};
/* End PBXGroup section */

/* Begin PBXNativeTarget section */
		45540D8F1F614F180058B00C /* KangcPackEx */ = {
			isa = PBXNativeTarget;
			buildConfigurationList = 45540DAD1F614F180058B00C /* Build configuration list for PBXNativeTarget "KangcPackEx" */;
			buildPhases = (
				45540D8C1F614F180058B00C /* Sources */,
				45540D8D1F614F180058B00C /* Frameworks */,
				45540D8E1F614F180058B00C /* Resources */,
				45540DD21F614FBC0058B00C /* Embed Frameworks */,
			);
			buildRules = (
			);
			dependencies = (
				45540E371F6256970058B00C /* PBXTargetDependency */,
				45540E481F6256A70058B00C /* PBXTargetDependency */,
			);
			name = KangcPackEx;
			productName = KangcPackEx;
			productReference = 45540D901F614F180058B00C /* KangcPackEx.app */;
			productType = "com.apple.product-type.application";
		};
		45540DA31F614F180058B00C /* KangcPackExTests */ = {
			isa = PBXNativeTarget;
			buildConfigurationList = 45540DB01F614F180058B00C /* Build configuration list for PBXNativeTarget "KangcPackExTests" */;
			buildPhases = (
				45540DA01F614F180058B00C /* Sources */,
				45540DA11F614F180058B00C /* Frameworks */,
				45540DA21F614F180058B00C /* Resources */,
			);
			buildRules = (
			);
			dependencies = (
				45540DA61F614F180058B00C /* PBXTargetDependency */,
			);
			name = KangcPackExTests;
			productName = KangcPackExTests;
			productReference = 45540DA41F614F180058B00C /* KangcPackExTests.xctest */;
			productType = "com.apple.product-type.bundle.unit-test";
		};
/* End PBXNativeTarget section */

/* Begin PBXProject section */
		45540D881F614F180058B00C /* Project object */ = {
			isa = PBXProject;
			attributes = {
				LastSwiftUpdateCheck = 0830;
				LastUpgradeCheck = 0830;
				ORGANIZATIONNAME = KangC;
				TargetAttributes = {
					45540D8F1F614F180058B00C = {
						CreatedOnToolsVersion = 8.3.3;
						DevelopmentTeam = NE476725Q4;
						ProvisioningStyle = Automatic;
					};
					45540DA31F614F180058B00C = {
						CreatedOnToolsVersion = 8.3.3;
						DevelopmentTeam = NE476725Q4;
						ProvisioningStyle = Automatic;
						TestTargetID = 45540D8F1F614F180058B00C;
					};
				};
			};
			buildConfigurationList = 45540D8B1F614F180058B00C /* Build configuration list for PBXProject "KangcPackEx" */;
			compatibilityVersion = "Xcode 3.2";
			developmentRegion = English;
			hasScannedForEncodings = 0;
			knownRegions = (
				en,
				Base,
			);
			mainGroup = 45540D871F614F180058B00C;
			productRefGroup = 45540D911F614F180058B00C /* Products */;
			projectDirPath = "";
			projectReferences = (
				{
					ProductGroup = 45540DF71F6242840058B00C /* Products */;
					ProjectRef = 45540DF61F6242840058B00C /* KangcPack.xcodeproj */;
				},
				{
					ProductGroup = 45540E0F1F6243470058B00C /* Products */;
					ProjectRef = 45540DFF1F62428F0058B00C /* Pods.xcodeproj */;
				},
			);
			projectRoot = "";
			targets = (
				45540D8F1F614F180058B00C /* KangcPackEx */,
				45540DA31F614F180058B00C /* KangcPackExTests */,
			);
		};
/* End PBXProject section */

/* Begin PBXReferenceProxy section */
		45540DFC1F6242840058B00C /* KangcPack.framework */ = {
			isa = PBXReferenceProxy;
			fileType = wrapper.framework;
			path = KangcPack.framework;
			remoteRef = 45540DFB1F6242840058B00C /* PBXContainerItemProxy */;
			sourceTree = BUILT_PRODUCTS_DIR;
		};
		45540DFE1F6242840058B00C /* KangcPackTests.xctest */ = {
			isa = PBXReferenceProxy;
			fileType = wrapper.cfbundle;
			path = KangcPackTests.xctest;
			remoteRef = 45540DFD1F6242840058B00C /* PBXContainerItemProxy */;
			sourceTree = BUILT_PRODUCTS_DIR;
		};
		45540E1C1F6243470058B00C /* Alamofire.framework */ = {
			isa = PBXReferenceProxy;
			fileType = wrapper.framework;
			path = Alamofire.framework;
			remoteRef = 45540E1B1F6243470058B00C /* PBXContainerItemProxy */;
			sourceTree = BUILT_PRODUCTS_DIR;
		};
		45540E1E1F6243470058B00C /* AlamofireObjectMapper.framework */ = {
			isa = PBXReferenceProxy;
			fileType = wrapper.framework;
			path = AlamofireObjectMapper.framework;
			remoteRef = 45540E1D1F6243470058B00C /* PBXContainerItemProxy */;
			sourceTree = BUILT_PRODUCTS_DIR;
		};
		45540E201F6243470058B00C /* CryptoSwift.framework */ = {
			isa = PBXReferenceProxy;
			fileType = wrapper.framework;
			path = CryptoSwift.framework;
			remoteRef = 45540E1F1F6243470058B00C /* PBXContainerItemProxy */;
			sourceTree = BUILT_PRODUCTS_DIR;
		};
		45540E221F6243470058B00C /* KVOController.framework */ = {
			isa = PBXReferenceProxy;
			fileType = wrapper.framework;
			path = KVOController.framework;
			remoteRef = 45540E211F6243470058B00C /* PBXContainerItemProxy */;
			sourceTree = BUILT_PRODUCTS_DIR;
		};
		45540E241F6243470058B00C /* ObjectMapper.framework */ = {
			isa = PBXReferenceProxy;
			fileType = wrapper.framework;
			path = ObjectMapper.framework;
			remoteRef = 45540E231F6243470058B00C /* PBXContainerItemProxy */;
			sourceTree = BUILT_PRODUCTS_DIR;
		};
		45540E261F6243470058B00C /* Pods_KangcPack.framework */ = {
			isa = PBXReferenceProxy;
			fileType = wrapper.framework;
			path = Pods_KangcPack.framework;
			remoteRef = 45540E251F6243470058B00C /* PBXContainerItemProxy */;
			sourceTree = BUILT_PRODUCTS_DIR;
		};
		45540E281F6243470058B00C /* Pods_KangcPackTests.framework */ = {
			isa = PBXReferenceProxy;
			fileType = wrapper.framework;
			path = Pods_KangcPackTests.framework;
			remoteRef = 45540E271F6243470058B00C /* PBXContainerItemProxy */;
			sourceTree = BUILT_PRODUCTS_DIR;
		};
		45540E2A1F6243470058B00C /* SDWebImage.framework */ = {
			isa = PBXReferenceProxy;
			fileType = wrapper.framework;
			path = SDWebImage.framework;
			remoteRef = 45540E291F6243470058B00C /* PBXContainerItemProxy */;
			sourceTree = BUILT_PRODUCTS_DIR;
		};
		45540E2C1F6243470058B00C /* Sniffer.framework */ = {
			isa = PBXReferenceProxy;
			fileType = wrapper.framework;
			path = Sniffer.framework;
			remoteRef = 45540E2B1F6243470058B00C /* PBXContainerItemProxy */;
			sourceTree = BUILT_PRODUCTS_DIR;
		};
		45540E2E1F6243470058B00C /* Toaster.framework */ = {
			isa = PBXReferenceProxy;
			fileType = wrapper.framework;
			path = Toaster.framework;
			remoteRef = 45540E2D1F6243470058B00C /* PBXContainerItemProxy */;
			sourceTree = BUILT_PRODUCTS_DIR;
		};
/* End PBXReferenceProxy section */

/* Begin PBXResourcesBuildPhase section */
		45540D8E1F614F180058B00C /* Resources */ = {
			isa = PBXResourcesBuildPhase;
			buildActionMask = 2147483647;
			files = (
				45540D9E1F614F180058B00C /* LaunchScreen.storyboard in Resources */,
				45540D9B1F614F180058B00C /* Assets.xcassets in Resources */,
				45540D991F614F180058B00C /* Main.storyboard in Resources */,
			);
			runOnlyForDeploymentPostprocessing = 0;
		};
		45540DA21F614F180058B00C /* Resources */ = {
			isa = PBXResourcesBuildPhase;
			buildActionMask = 2147483647;
			files = (
			);
			runOnlyForDeploymentPostprocessing = 0;
		};
/* End PBXResourcesBuildPhase section */

/* Begin PBXSourcesBuildPhase section */
		45540D8C1F614F180058B00C /* Sources */ = {
			isa = PBXSourcesBuildPhase;
			buildActionMask = 2147483647;
			files = (
				45540D961F614F180058B00C /* ViewController.swift in Sources */,
				45540D941F614F180058B00C /* AppDelegate.swift in Sources */,
			);
			runOnlyForDeploymentPostprocessing = 0;
		};
		45540DA01F614F180058B00C /* Sources */ = {
			isa = PBXSourcesBuildPhase;
			buildActionMask = 2147483647;
			files = (
				45540DA91F614F180058B00C /* KangcPackExTests.swift in Sources */,
			);
			runOnlyForDeploymentPostprocessing = 0;
		};
/* End PBXSourcesBuildPhase section */

/* Begin PBXTargetDependency section */
		45540DA61F614F180058B00C /* PBXTargetDependency */ = {
			isa = PBXTargetDependency;
			target = 45540D8F1F614F180058B00C /* KangcPackEx */;
			targetProxy = 45540DA51F614F180058B00C /* PBXContainerItemProxy */;
		};
		45540E371F6256970058B00C /* PBXTargetDependency */ = {
			isa = PBXTargetDependency;
			name = KangcPack;
			targetProxy = 45540E361F6256970058B00C /* PBXContainerItemProxy */;
		};
		45540E481F6256A70058B00C /* PBXTargetDependency */ = {
			isa = PBXTargetDependency;
			name = KangcPack;
			targetProxy = 45540E471F6256A70058B00C /* PBXContainerItemProxy */;
		};
/* End PBXTargetDependency section */

/* Begin PBXVariantGroup section */
		45540D971F614F180058B00C /* Main.storyboard */ = {
			isa = PBXVariantGroup;
			children = (
				45540D981F614F180058B00C /* Base */,
			);
			name = Main.storyboard;
			sourceTree = "<group>";
		};
		45540D9C1F614F180058B00C /* LaunchScreen.storyboard */ = {
			isa = PBXVariantGroup;
			children = (
				45540D9D1F614F180058B00C /* Base */,
			);
			name = LaunchScreen.storyboard;
			sourceTree = "<group>";
		};
/* End PBXVariantGroup section */

/* Begin XCBuildConfiguration section */
		45540DAB1F614F180058B00C /* Debug */ = {
			isa = XCBuildConfiguration;
			buildSettings = {
				ALWAYS_SEARCH_USER_PATHS = NO;
				CLANG_ANALYZER_NONNULL = YES;
				CLANG_ANALYZER_NUMBER_OBJECT_CONVERSION = YES_AGGRESSIVE;
				CLANG_CXX_LANGUAGE_STANDARD = "gnu++0x";
				CLANG_CXX_LIBRARY = "libc++";
				CLANG_ENABLE_MODULES = YES;
				CLANG_ENABLE_OBJC_ARC = YES;
				CLANG_WARN_BOOL_CONVERSION = YES;
				CLANG_WARN_CONSTANT_CONVERSION = YES;
				CLANG_WARN_DIRECT_OBJC_ISA_USAGE = YES_ERROR;
				CLANG_WARN_DOCUMENTATION_COMMENTS = YES;
				CLANG_WARN_EMPTY_BODY = YES;
				CLANG_WARN_ENUM_CONVERSION = YES;
				CLANG_WARN_INFINITE_RECURSION = YES;
				CLANG_WARN_INT_CONVERSION = YES;
				CLANG_WARN_OBJC_ROOT_CLASS = YES_ERROR;
				CLANG_WARN_SUSPICIOUS_MOVE = YES;
				CLANG_WARN_UNREACHABLE_CODE = YES;
				CLANG_WARN__DUPLICATE_METHOD_MATCH = YES;
				"CODE_SIGN_IDENTITY[sdk=iphoneos*]" = "iPhone Developer";
				COPY_PHASE_STRIP = NO;
				DEBUG_INFORMATION_FORMAT = dwarf;
				ENABLE_STRICT_OBJC_MSGSEND = YES;
				ENABLE_TESTABILITY = YES;
				GCC_C_LANGUAGE_STANDARD = gnu99;
				GCC_DYNAMIC_NO_PIC = NO;
				GCC_NO_COMMON_BLOCKS = YES;
				GCC_OPTIMIZATION_LEVEL = 0;
				GCC_PREPROCESSOR_DEFINITIONS = (
					"DEBUG=1",
					"$(inherited)",
				);
				GCC_WARN_64_TO_32_BIT_CONVERSION = YES;
				GCC_WARN_ABOUT_RETURN_TYPE = YES_ERROR;
				GCC_WARN_UNDECLARED_SELECTOR = YES;
				GCC_WARN_UNINITIALIZED_AUTOS = YES_AGGRESSIVE;
				GCC_WARN_UNUSED_FUNCTION = YES;
				GCC_WARN_UNUSED_VARIABLE = YES;
				IPHONEOS_DEPLOYMENT_TARGET = 10.3;
				MTL_ENABLE_DEBUG_INFO = YES;
				ONLY_ACTIVE_ARCH = YES;
				SDKROOT = iphoneos;
				SWIFT_ACTIVE_COMPILATION_CONDITIONS = DEBUG;
				SWIFT_OPTIMIZATION_LEVEL = "-Onone";
				TARGETED_DEVICE_FAMILY = "1,2";
			};
			name = Debug;
		};
		45540DAC1F614F180058B00C /* Release */ = {
			isa = XCBuildConfiguration;
			buildSettings = {
				ALWAYS_SEARCH_USER_PATHS = NO;
				CLANG_ANALYZER_NONNULL = YES;
				CLANG_ANALYZER_NUMBER_OBJECT_CONVERSION = YES_AGGRESSIVE;
				CLANG_CXX_LANGUAGE_STANDARD = "gnu++0x";
				CLANG_CXX_LIBRARY = "libc++";
				CLANG_ENABLE_MODULES = YES;
				CLANG_ENABLE_OBJC_ARC = YES;
				CLANG_WARN_BOOL_CONVERSION = YES;
				CLANG_WARN_CONSTANT_CONVERSION = YES;
				CLANG_WARN_DIRECT_OBJC_ISA_USAGE = YES_ERROR;
				CLANG_WARN_DOCUMENTATION_COMMENTS = YES;
				CLANG_WARN_EMPTY_BODY = YES;
				CLANG_WARN_ENUM_CONVERSION = YES;
				CLANG_WARN_INFINITE_RECURSION = YES;
				CLANG_WARN_INT_CONVERSION = YES;
				CLANG_WARN_OBJC_ROOT_CLASS = YES_ERROR;
				CLANG_WARN_SUSPICIOUS_MOVE = YES;
				CLANG_WARN_UNREACHABLE_CODE = YES;
				CLANG_WARN__DUPLICATE_METHOD_MATCH = YES;
				"CODE_SIGN_IDENTITY[sdk=iphoneos*]" = "iPhone Developer";
				COPY_PHASE_STRIP = NO;
				DEBUG_INFORMATION_FORMAT = "dwarf-with-dsym";
				ENABLE_NS_ASSERTIONS = NO;
				ENABLE_STRICT_OBJC_MSGSEND = YES;
				GCC_C_LANGUAGE_STANDARD = gnu99;
				GCC_NO_COMMON_BLOCKS = YES;
				GCC_WARN_64_TO_32_BIT_CONVERSION = YES;
				GCC_WARN_ABOUT_RETURN_TYPE = YES_ERROR;
				GCC_WARN_UNDECLARED_SELECTOR = YES;
				GCC_WARN_UNINITIALIZED_AUTOS = YES_AGGRESSIVE;
				GCC_WARN_UNUSED_FUNCTION = YES;
				GCC_WARN_UNUSED_VARIABLE = YES;
				IPHONEOS_DEPLOYMENT_TARGET = 10.3;
				MTL_ENABLE_DEBUG_INFO = NO;
				SDKROOT = iphoneos;
				SWIFT_OPTIMIZATION_LEVEL = "-Owholemodule";
				TARGETED_DEVICE_FAMILY = "1,2";
				VALIDATE_PRODUCT = YES;
			};
			name = Release;
		};
		45540DAE1F614F180058B00C /* Debug */ = {
			isa = XCBuildConfiguration;
			buildSettings = {
				ALWAYS_EMBED_SWIFT_STANDARD_LIBRARIES = YES;
				ASSETCATALOG_COMPILER_APPICON_NAME = AppIcon;
				DEVELOPMENT_TEAM = NE476725Q4;
				INFOPLIST_FILE = KangcPackEx/Info.plist;
				LD_RUNPATH_SEARCH_PATHS = "$(inherited) @executable_path/Frameworks";
				PRODUCT_BUNDLE_IDENTIFIER = com.kangc.swift.KangcPackEx;
				PRODUCT_NAME = "$(TARGET_NAME)";
				SWIFT_VERSION = 3.0;
			};
			name = Debug;
		};
		45540DAF1F614F180058B00C /* Release */ = {
			isa = XCBuildConfiguration;
			buildSettings = {
				ALWAYS_EMBED_SWIFT_STANDARD_LIBRARIES = YES;
				ASSETCATALOG_COMPILER_APPICON_NAME = AppIcon;
				DEVELOPMENT_TEAM = NE476725Q4;
				INFOPLIST_FILE = KangcPackEx/Info.plist;
				LD_RUNPATH_SEARCH_PATHS = "$(inherited) @executable_path/Frameworks";
				PRODUCT_BUNDLE_IDENTIFIER = com.kangc.swift.KangcPackEx;
				PRODUCT_NAME = "$(TARGET_NAME)";
				SWIFT_VERSION = 3.0;
			};
			name = Release;
		};
		45540DB11F614F180058B00C /* Debug */ = {
			isa = XCBuildConfiguration;
			buildSettings = {
				ALWAYS_EMBED_SWIFT_STANDARD_LIBRARIES = YES;
				BUNDLE_LOADER = "$(TEST_HOST)";
				DEVELOPMENT_TEAM = NE476725Q4;
				INFOPLIST_FILE = KangcPackExTests/Info.plist;
				LD_RUNPATH_SEARCH_PATHS = "$(inherited) @executable_path/Frameworks @loader_path/Frameworks";
				PRODUCT_BUNDLE_IDENTIFIER = com.kangc.swift.KangcPackExTests;
				PRODUCT_NAME = "$(TARGET_NAME)";
				SWIFT_VERSION = 3.0;
				TEST_HOST = "$(BUILT_PRODUCTS_DIR)/KangcPackEx.app/KangcPackEx";
			};
			name = Debug;
		};
		45540DB21F614F180058B00C /* Release */ = {
			isa = XCBuildConfiguration;
			buildSettings = {
				ALWAYS_EMBED_SWIFT_STANDARD_LIBRARIES = YES;
				BUNDLE_LOADER = "$(TEST_HOST)";
				DEVELOPMENT_TEAM = NE476725Q4;
				INFOPLIST_FILE = KangcPackExTests/Info.plist;
				LD_RUNPATH_SEARCH_PATHS = "$(inherited) @executable_path/Frameworks @loader_path/Frameworks";
				PRODUCT_BUNDLE_IDENTIFIER = com.kangc.swift.KangcPackExTests;
				PRODUCT_NAME = "$(TARGET_NAME)";
				SWIFT_VERSION = 3.0;
				TEST_HOST = "$(BUILT_PRODUCTS_DIR)/KangcPackEx.app/KangcPackEx";
			};
			name = Release;
		};
/* End XCBuildConfiguration section */

/* Begin XCConfigurationList section */
		45540D8B1F614F180058B00C /* Build configuration list for PBXProject "KangcPackEx" */ = {
			isa = XCConfigurationList;
			buildConfigurations = (
				45540DAB1F614F180058B00C /* Debug */,
				45540DAC1F614F180058B00C /* Release */,
			);
			defaultConfigurationIsVisible = 0;
			defaultConfigurationName = Release;
		};
		45540DAD1F614F180058B00C /* Build configuration list for PBXNativeTarget "KangcPackEx" */ = {
			isa = XCConfigurationList;
			buildConfigurations = (
				45540DAE1F614F180058B00C /* Debug */,
				45540DAF1F614F180058B00C /* Release */,
			);
			defaultConfigurationIsVisible = 0;
			defaultConfigurationName = Release;
		};
		45540DB01F614F180058B00C /* Build configuration list for PBXNativeTarget "KangcPackExTests" */ = {
			isa = XCConfigurationList;
			buildConfigurations = (
				45540DB11F614F180058B00C /* Debug */,
				45540DB21F614F180058B00C /* Release */,
			);
			defaultConfigurationIsVisible = 0;
			defaultConfigurationName = Release;
		};
/* End XCConfigurationList section */
	};
	rootObject = 45540D881F614F180058B00C /* Project object */;
}
